
Microsoft Visual Studio Solution File, Format Version 12.00
# Visual Studio Version 16
VisualStudioVersion = 16.0.31019.35
MinimumVisualStudioVersion = 10.0.40219.1
Project("{FAE04EC0-301F-11D3-BF4B-00C04F79EFBC}") = "ContactsAppUI", "ContactsAppUI\ContactsAppUI.csproj", "{BB0A6D06-3298-4640-B798-9D40251EF9FF}"
EndProject
Project("{FAE04EC0-301F-11D3-BF4B-00C04F79EFBC}") = "ContactsApp", "ContactsApp\ContactsApp.csproj", "{D63CC172-2193-48FC-A547-FF4A984028E5}"
EndProject
Project("{FAE04EC0-301F-11D3-BF4B-00C04F79EFBC}") = "ContactsApp.UnitTests", "ContactsApp.UnitTests\ContactsApp.UnitTests.csproj", "{F8007685-6D5E-4151-A297-56651EE26446}"
EndProject
Global
	GlobalSection(SolutionConfigurationPlatforms) = preSolution
		Debug|Any CPU = Debug|Any CPU
		Release|Any CPU = Release|Any CPU
	EndGlobalSection
	GlobalSection(ProjectConfigurationPlatforms) = postSolution
		{BB0A6D06-3298-4640-B798-9D40251EF9FF}.Debug|Any CPU.ActiveCfg = Debug|Any CPU
		{BB0A6D06-3298-4640-B798-9D40251EF9FF}.Debug|Any CPU.Build.0 = Debug|Any CPU
		{BB0A6D06-3298-4640-B798-9D40251EF9FF}.Release|Any CPU.ActiveCfg = Release|Any CPU
		{BB0A6D06-3298-4640-B798-9D40251EF9FF}.Release|Any CPU.Build.0 = Release|Any CPU
		{D63CC172-2193-48FC-A547-FF4A984028E5}.Debug|Any CPU.ActiveCfg = Debug|Any CPU
		{D63CC172-2193-48FC-A547-FF4A984028E5}.Debug|Any CPU.Build.0 = Debug|Any CPU
		{D63CC172-2193-48FC-A547-FF4A984028E5}.Release|Any CPU.ActiveCfg = Release|Any CPU
		{D63CC172-2193-48FC-A547-FF4A984028E5}.Release|Any CPU.Build.0 = Release|Any CPU
		{F8007685-6D5E-4151-A297-56651EE26446}.Debug|Any CPU.ActiveCfg = Debug|Any CPU
		{F8007685-6D5E-4151-A297-56651EE26446}.Debug|Any CPU.Build.0 = Debug|Any CPU
		{F8007685-6D5E-4151-A297-56651EE26446}.Release|Any CPU.ActiveCfg = Release|Any CPU
		{F8007685-6D5E-4151-A297-56651EE26446}.Release|Any CPU.Build.0 = Release|Any CPU
	EndGlobalSection
	GlobalSection(SolutionProperties) = preSolution
		HideSolutionNode = FALSE
	EndGlobalSection
	GlobalSection(ExtensibilityGlobals) = postSolution
		SolutionGuid = {AFC2CFF4-65F5-4AB0-93A5-E7D2215E880F}
	EndGlobalSection
EndGlobal
